
Microsoft Visual Studio Solution File, Format Version 12.00
# Visual Studio Version 16
VisualStudioVersion = 16.0.28803.352
MinimumVisualStudioVersion = 10.0.40219.1
Project("{2150E333-8FDC-42A3-9474-1A3956D46DE8}") = "src", "src", "{5461C61B-B06E-46BA-B206-925B660BE727}"
EndProject
Project("{9A19103F-16F7-4668-BE54-9A1E7A4F7556}") = "IdentityServer4.Configuration.Oidc.Local", "src\IdentityServer4.Configuration.Oidc.Local.csproj", "{BD044FFD-A11B-4C94-9382-D331F967A415}"
EndProject
Global
	GlobalSection(SolutionConfigurationPlatforms) = preSolution
		Debug|Any CPU = Debug|Any CPU
		Release|Any CPU = Release|Any CPU
	EndGlobalSection
	GlobalSection(ProjectConfigurationPlatforms) = postSolution
		{BD044FFD-A11B-4C94-9382-D331F967A415}.Debug|Any CPU.ActiveCfg = Debug|Any CPU
		{BD044FFD-A11B-4C94-9382-D331F967A415}.Debug|Any CPU.Build.0 = Debug|Any CPU
		{BD044FFD-A11B-4C94-9382-D331F967A415}.Release|Any CPU.ActiveCfg = Release|Any CPU
		{BD044FFD-A11B-4C94-9382-D331F967A415}.Release|Any CPU.Build.0 = Release|Any CPU
	EndGlobalSection
	GlobalSection(SolutionProperties) = preSolution
		HideSolutionNode = FALSE
	EndGlobalSection
	GlobalSection(NestedProjects) = preSolution
		{BD044FFD-A11B-4C94-9382-D331F967A415} = {5461C61B-B06E-46BA-B206-925B660BE727}
	EndGlobalSection
	GlobalSection(ExtensibilityGlobals) = postSolution
		SolutionGuid = {176723F7-4A9B-4F05-A9F3-3BA715E4BDC3}
	EndGlobalSection
EndGlobal
